
Microsoft Visual Studio Solution File, Format Version 12.00
# Visual Studio Version 17
VisualStudioVersion = 17.5.002.0
MinimumVisualStudioVersion = 10.0.40219.1
Project("{FAE04EC0-301F-11D3-BF4B-00C04F79EFBC}") = "AITravelAgent", "AITravelAgent\Starter\AITravelAgent.csproj", "{D1AF249A-945C-48F8-AD75-FB65A66537B2}"
EndProject
Project("{2150E333-8FDC-42A3-9474-1A3956D46DE8}") = "Starter", "Starter", "{410F1C6B-1B60-4212-8909-FE07143C6526}"
EndProject
Project("{2150E333-8FDC-42A3-9474-1A3956D46DE8}") = "Solution", "Solution", "{63630447-1556-49FB-9618-842B3A9017E9}"
EndProject
Project("{FAE04EC0-301F-11D3-BF4B-00C04F79EFBC}") = "AITravelAgent", "AITravelAgent\Solution\AITravelAgent.csproj", "{DC5AECAE-F7DE-4586-A84E-CB3AF2E44891}"
EndProject
Global
	GlobalSection(SolutionConfigurationPlatforms) = preSolution
		Debug|Any CPU = Debug|Any CPU
		Release|Any CPU = Release|Any CPU
	EndGlobalSection
	GlobalSection(ProjectConfigurationPlatforms) = postSolution
		{D1AF249A-945C-48F8-AD75-FB65A66537B2}.Debug|Any CPU.ActiveCfg = Debug|Any CPU
		{D1AF249A-945C-48F8-AD75-FB65A66537B2}.Debug|Any CPU.Build.0 = Debug|Any CPU
		{D1AF249A-945C-48F8-AD75-FB65A66537B2}.Release|Any CPU.ActiveCfg = Release|Any CPU
		{D1AF249A-945C-48F8-AD75-FB65A66537B2}.Release|Any CPU.Build.0 = Release|Any CPU
		{DC5AECAE-F7DE-4586-A84E-CB3AF2E44891}.Debug|Any CPU.ActiveCfg = Debug|Any CPU
		{DC5AECAE-F7DE-4586-A84E-CB3AF2E44891}.Debug|Any CPU.Build.0 = Debug|Any CPU
		{DC5AECAE-F7DE-4586-A84E-CB3AF2E44891}.Release|Any CPU.ActiveCfg = Release|Any CPU
		{DC5AECAE-F7DE-4586-A84E-CB3AF2E44891}.Release|Any CPU.Build.0 = Release|Any CPU
	EndGlobalSection
	GlobalSection(SolutionProperties) = preSolution
		HideSolutionNode = FALSE
	EndGlobalSection
	GlobalSection(NestedProjects) = preSolution
		{D1AF249A-945C-48F8-AD75-FB65A66537B2} = {410F1C6B-1B60-4212-8909-FE07143C6526}
		{DC5AECAE-F7DE-4586-A84E-CB3AF2E44891} = {63630447-1556-49FB-9618-842B3A9017E9}
	EndGlobalSection
	GlobalSection(ExtensibilityGlobals) = postSolution
		SolutionGuid = {5519C564-9F37-4772-9E80-50A7D5A93B51}
	EndGlobalSection
EndGlobal
